PODS:
  - Alamofire (4.4.0)
  - Charts (3.0.5):
    - Charts/Core (= 3.0.5)
  - Charts/Core (3.0.5)

DEPENDENCIES:
  - Alamofire
  - Charts

SPEC REPOS:
  https://github.com/cocoapods/specs.git:
    - Alamofire
    - Charts

SPEC CHECKSUMS:
  Alamofire: dc44b1600b800eb63da6a19039a0083d62a6a62d
  Charts: 45cdc985b764c838b35ee47eb1365d15735f6d1a

PODFILE CHECKSUM: 820dfc40300d96cceeb6c1cc1804309b6fc8d9af

COCOAPODS: 1.5.3
